// !$*UTF8*$!
{
	archiveVersion = 1;
	classes = {
	};
	objectVersion = 50;
	objects = {

/* Begin PBXBuildFile section */
		153AE2D825C8105E00250763 /* ExampleApp.swift in Sources */ = {isa = PBXBuildFile; fileRef = 153AE2D725C8105E00250763 /* ExampleApp.swift */; };
		153AE2DA25C8105E00250763 /* ContentView.swift in Sources */ = {isa = PBXBuildFile; fileRef = 153AE2D925C8105E00250763 /* ContentView.swift */; };
		153AE2DC25C8106200250763 /* Assets.xcassets in Resources */ = {isa = PBXBuildFile; fileRef = 153AE2DB25C8106200250763 /* Assets.xcassets */; };
		153AE2DF25C8106200250763 /* Preview Assets.xcassets in Resources */ = {isa = PBXBuildFile; fileRef = 153AE2DE25C8106200250763 /* Preview Assets.xcassets */; };
		52AF933525D288ED005330D2 /* basic-animation.swift in Sources */ = {isa = PBXBuildFile; fileRef = 52AF930E25D288ED005330D2 /* basic-animation.swift */; };
		52AF933625D288ED005330D2 /* Transformation.swift in Sources */ = {isa = PBXBuildFile; fileRef = 52AF930F25D288ED005330D2 /* Transformation.swift */; };
		52AF933725D288ED005330D2 /* AnimatableModifier.swift in Sources */ = {isa = PBXBuildFile; fileRef = 52AF931025D288ED005330D2 /* AnimatableModifier.swift */; };
		52AF933825D288ED005330D2 /* Animatable.swift in Sources */ = {isa = PBXBuildFile; fileRef = 52AF931125D288ED005330D2 /* Animatable.swift */; };
		52AF933925D288ED005330D2 /* PCircle.swift in Sources */ = {isa = PBXBuildFile; fileRef = 52AF931325D288ED005330D2 /* PCircle.swift */; };
		52AF933A25D288ED005330D2 /* StateView.swift in Sources */ = {isa = PBXBuildFile; fileRef = 52AF931725D288ED005330D2 /* StateView.swift */; };
		52AF933B25D288ED005330D2 /* BindingView.swift in Sources */ = {isa = PBXBuildFile; fileRef = 52AF931925D288ED005330D2 /* BindingView.swift */; };
		52AF933C25D288ED005330D2 /* EnvironmentObjectView.swift in Sources */ = {isa = PBXBuildFile; fileRef = 52AF931B25D288ED005330D2 /* EnvironmentObjectView.swift */; };
		52AF933D25D288ED005330D2 /* ObservedObjectView.swift in Sources */ = {isa = PBXBuildFile; fileRef = 52AF931D25D288ED005330D2 /* ObservedObjectView.swift */; };
		52AF933E25D288ED005330D2 /* OTPView.swift in Sources */ = {isa = PBXBuildFile; fileRef = 52AF932025D288ED005330D2 /* OTPView.swift */; };
		52AF933F25D288ED005330D2 /* PropertyWrapperPhoneNumber.swift in Sources */ = {isa = PBXBuildFile; fileRef = 52AF932125D288ED005330D2 /* PropertyWrapperPhoneNumber.swift */; };
		52AF934025D288ED005330D2 /* PhoneValidator.swift in Sources */ = {isa = PBXBuildFile; fileRef = 52AF932225D288ED005330D2 /* PhoneValidator.swift */; };
		52AF934125D288ED005330D2 /* AppSettings.swift in Sources */ = {isa = PBXBuildFile; fileRef = 52AF932425D288ED005330D2 /* AppSettings.swift */; };
		52AF934225D288ED005330D2 /* PropertyWrapperUserDefaults.swift in Sources */ = {isa = PBXBuildFile; fileRef = 52AF932525D288ED005330D2 /* PropertyWrapperUserDefaults.swift */; };
		52AF934325D288ED005330D2 /* PropertyWrapperExampleDetailView.swift in Sources */ = {isa = PBXBuildFile; fileRef = 52AF932625D288ED005330D2 /* PropertyWrapperExampleDetailView.swift */; };
		52AF934425D288ED005330D2 /* PropertyWrapperExampleView.swift in Sources */ = {isa = PBXBuildFile; fileRef = 52AF932725D288ED005330D2 /* PropertyWrapperExampleView.swift */; };
		52AF934525D288ED005330D2 /* Part2ContentView.swift in Sources */ = {isa = PBXBuildFile; fileRef = 52AF932825D288ED005330D2 /* Part2ContentView.swift */; };
		52AF934625D288ED005330D2 /* UserSettings.swift in Sources */ = {isa = PBXBuildFile; fileRef = 52AF932A25D288ED005330D2 /* UserSettings.swift */; };
		52AF934725D288ED005330D2 /* CarListViewModel.swift in Sources */ = {isa = PBXBuildFile; fileRef = 52AF932D25D288ED005330D2 /* CarListViewModel.swift */; };
		52AF934825D288ED005330D2 /* Car.swift in Sources */ = {isa = PBXBuildFile; fileRef = 52AF932F25D288ED005330D2 /* Car.swift */; };
		52AF934925D288ED005330D2 /* DetailView.swift in Sources */ = {isa = PBXBuildFile; fileRef = 52AF933125D288ED005330D2 /* DetailView.swift */; };
		52AF934A25D288ED005330D2 /* MVVMContentView.swift in Sources */ = {isa = PBXBuildFile; fileRef = 52AF933225D288ED005330D2 /* MVVMContentView.swift */; };
		52AF934B25D288ED005330D2 /* LoginView.swift in Sources */ = {isa = PBXBuildFile; fileRef = 52AF933325D288ED005330D2 /* LoginView.swift */; };
		52AF934C25D288ED005330D2 /* SettingView.swift in Sources */ = {isa = PBXBuildFile; fileRef = 52AF933425D288ED005330D2 /* SettingView.swift */; };
		75215E8B25D3B28000A1277D /* Part 3. ContentView.swift in Sources */ = {isa = PBXBuildFile; fileRef = 75215E8A25D3B28000A1277D /* Part 3. ContentView.swift */; };
		75215E9725D3BB0100A1277D /* 3.1.1 StateObjectNonPublishedView.swift in Sources */ = {isa = PBXBuildFile; fileRef = 75215E9625D3BB0100A1277D /* 3.1.1 StateObjectNonPublishedView.swift */; };
		75215E9A25D3BB0B00A1277D /* 3.1.2 StateObjectPublishedView.swift in Sources */ = {isa = PBXBuildFile; fileRef = 75215E9925D3BB0B00A1277D /* 3.1.2 StateObjectPublishedView.swift */; };
		75215EA325D3BBBD00A1277D /* 3.3.1 StateObjectAndParametersView.swift in Sources */ = {isa = PBXBuildFile; fileRef = 75215EA225D3BBBD00A1277D /* 3.3.1 StateObjectAndParametersView.swift */; };
		75215EBC25D3BF4900A1277D /* 3.1.4 UnusedObservableObjectView.swift in Sources */ = {isa = PBXBuildFile; fileRef = 75215EBB25D3BF4900A1277D /* 3.1.4 UnusedObservableObjectView.swift */; };
		75215EC425D3BFC900A1277D /* 3.3.3 CachedObservedObjectAndParametersView.swift.swift in Sources */ = {isa = PBXBuildFile; fileRef = 75215EC325D3BFC900A1277D /* 3.3.3 CachedObservedObjectAndParametersView.swift.swift */; };
		75215ED125D3C69D00A1277D /* 3.2.2 NavigationLink.DeepNavigation.swift in Sources */ = {isa = PBXBuildFile; fileRef = 75215ED025D3C69D00A1277D /* 3.2.2 NavigationLink.DeepNavigation.swift */; };
		75215ED525D3C6CB00A1277D /* 3.2.1 NavigationLinkView.swift in Sources */ = {isa = PBXBuildFile; fileRef = 75215ED425D3C6CB00A1277D /* 3.2.1 NavigationLinkView.swift */; };
		75215ED825D3C6F000A1277D /* 3.3.2 ObservedObjectAndParametersView.swift in Sources */ = {isa = PBXBuildFile; fileRef = 75215ED725D3C6F000A1277D /* 3.3.2 ObservedObjectAndParametersView.swift */; };
		75215EE625D3CD0E00A1277D /* 3.1.3 ObservedObjectPublishedView.swift in Sources */ = {isa = PBXBuildFile; fileRef = 75215EE525D3CD0E00A1277D /* 3.1.3 ObservedObjectPublishedView.swift */; };
		75215EFF25D3CF9600A1277D /* RouterNavigationView.swift in Sources */ = {isa = PBXBuildFile; fileRef = 75215EFE25D3CF9600A1277D /* RouterNavigationView.swift */; };
		75215F0325D3CFB200A1277D /* LazyView.swift in Sources */ = {isa = PBXBuildFile; fileRef = 75215F0125D3CFB200A1277D /* LazyView.swift */; };
		75215F0425D3CFB200A1277D /* LazyNavigationLink.swift in Sources */ = {isa = PBXBuildFile; fileRef = 75215F0225D3CFB200A1277D /* LazyNavigationLink.swift */; };
		75215F1725D3D35100A1277D /* 3.2.1.1 NavigationLinkDefaultView.swift in Sources */ = {isa = PBXBuildFile; fileRef = 75215F1625D3D35100A1277D /* 3.2.1.1 NavigationLinkDefaultView.swift */; };
		75215F1B25D3D37300A1277D /* 3.2.1.2 NavigationLinkLazyView.swift in Sources */ = {isa = PBXBuildFile; fileRef = 75215F1A25D3D37300A1277D /* 3.2.1.2 NavigationLinkLazyView.swift */; };
		75215F1E25D3D37F00A1277D /* 3.2.1.3 NavigationLinkLazyNavigationView.swift in Sources */ = {isa = PBXBuildFile; fileRef = 75215F1D25D3D37F00A1277D /* 3.2.1.3 NavigationLinkLazyNavigationView.swift */; };
		75215F2525D3DA7600A1277D /* 3.2.2.1 DeepNavigatioSingleRouterView.swift in Sources */ = {isa = PBXBuildFile; fileRef = 75215F2425D3DA7600A1277D /* 3.2.2.1 DeepNavigatioSingleRouterView.swift */; };
		75215F2925D3DAF500A1277D /* 3.2.2.2 DeepNavigationNestedView.swift in Sources */ = {isa = PBXBuildFile; fileRef = 75215F2825D3DAF500A1277D /* 3.2.2.2 DeepNavigationNestedView.swift */; };
		75215F2F25D3DB7700A1277D /* 3.2.2.3 DeepNavigationCustomRouterView.swift in Sources */ = {isa = PBXBuildFile; fileRef = 75215F2E25D3DB7700A1277D /* 3.2.2.3 DeepNavigationCustomRouterView.swift */; };
		75215F4225D3DD5500A1277D /* DeepNavigationChildView.swift in Sources */ = {isa = PBXBuildFile; fileRef = 75215F4125D3DD5500A1277D /* DeepNavigationChildView.swift */; };
		75215F4925D3E22300A1277D /* ViewModelProvider.swift in Sources */ = {isa = PBXBuildFile; fileRef = 75215F4825D3E22300A1277D /* ViewModelProvider.swift */; };
		75215F4D25D3E7EA00A1277D /* 3.3.2 NonCachedDetailsView.swift in Sources */ = {isa = PBXBuildFile; fileRef = 75215F4C25D3E7EA00A1277D /* 3.3.2 NonCachedDetailsView.swift */; };
		75215F5025D3E7F000A1277D /* 3.3.3 CachedDetailsView.swift in Sources */ = {isa = PBXBuildFile; fileRef = 75215F4F25D3E7F000A1277D /* 3.3.3 CachedDetailsView.swift */; };
/* End PBXBuildFile section */

/* Begin PBXFileReference section */
		153AE2D425C8105E00250763 /* Example.app */ = {isa = PBXFileReference; explicitFileType = wrapper.application; includeInIndex = 0; path = Example.app; sourceTree = BUILT_PRODUCTS_DIR; };
		153AE2D725C8105E00250763 /* ExampleApp.swift */ = {isa = PBXFileReference; lastKnownFileType = sourcecode.swift; path = ExampleApp.swift; sourceTree = "<group>"; };
		153AE2D925C8105E00250763 /* ContentView.swift */ = {isa = PBXFileReference; lastKnownFileType = sourcecode.swift; path = ContentView.swift; sourceTree = "<group>"; };
		153AE2DB25C8106200250763 /* Assets.xcassets */ = {isa = PBXFileReference; lastKnownFileType = folder.assetcatalog; path = Assets.xcassets; sourceTree = "<group>"; };
		153AE2DE25C8106200250763 /* Preview Assets.xcassets */ = {isa = PBXFileReference; lastKnownFileType = folder.assetcatalog; path = "Preview Assets.xcassets"; sourceTree = "<group>"; };
		153AE2E025C8106200250763 /* Info.plist */ = {isa = PBXFileReference; lastKnownFileType = text.plist.xml; path = Info.plist; sourceTree = "<group>"; };
		52AF930E25D288ED005330D2 /* basic-animation.swift */ = {isa = PBXFileReference; fileEncoding = 4; lastKnownFileType = sourcecode.swift; path = "basic-animation.swift"; sourceTree = "<group>"; };
		52AF930F25D288ED005330D2 /* Transformation.swift */ = {isa = PBXFileReference; fileEncoding = 4; lastKnownFileType = sourcecode.swift; path = Transformation.swift; sourceTree = "<group>"; };
		52AF931025D288ED005330D2 /* AnimatableModifier.swift */ = {isa = PBXFileReference; fileEncoding = 4; lastKnownFileType = sourcecode.swift; path = AnimatableModifier.swift; sourceTree = "<group>"; };
		52AF931125D288ED005330D2 /* Animatable.swift */ = {isa = PBXFileReference; fileEncoding = 4; lastKnownFileType = sourcecode.swift; path = Animatable.swift; sourceTree = "<group>"; };
		52AF931325D288ED005330D2 /* PCircle.swift */ = {isa = PBXFileReference; fileEncoding = 4; lastKnownFileType = sourcecode.swift; path = PCircle.swift; sourceTree = "<group>"; };
		52AF931725D288ED005330D2 /* StateView.swift */ = {isa = PBXFileReference; fileEncoding = 4; lastKnownFileType = sourcecode.swift; path = StateView.swift; sourceTree = "<group>"; };
		52AF931925D288ED005330D2 /* BindingView.swift */ = {isa = PBXFileReference; fileEncoding = 4; lastKnownFileType = sourcecode.swift; path = BindingView.swift; sourceTree = "<group>"; };
		52AF931B25D288ED005330D2 /* EnvironmentObjectView.swift */ = {isa = PBXFileReference; fileEncoding = 4; lastKnownFileType = sourcecode.swift; path = EnvironmentObjectView.swift; sourceTree = "<group>"; };
		52AF931D25D288ED005330D2 /* ObservedObjectView.swift */ = {isa = PBXFileReference; fileEncoding = 4; lastKnownFileType = sourcecode.swift; path = ObservedObjectView.swift; sourceTree = "<group>"; };
		52AF932025D288ED005330D2 /* OTPView.swift */ = {isa = PBXFileReference; fileEncoding = 4; lastKnownFileType = sourcecode.swift; path = OTPView.swift; sourceTree = "<group>"; };
		52AF932125D288ED005330D2 /* PropertyWrapperPhoneNumber.swift */ = {isa = PBXFileReference; fileEncoding = 4; lastKnownFileType = sourcecode.swift; path = PropertyWrapperPhoneNumber.swift; sourceTree = "<group>"; };
		52AF932225D288ED005330D2 /* PhoneValidator.swift */ = {isa = PBXFileReference; fileEncoding = 4; lastKnownFileType = sourcecode.swift; path = PhoneValidator.swift; sourceTree = "<group>"; };
		52AF932425D288ED005330D2 /* AppSettings.swift */ = {isa = PBXFileReference; fileEncoding = 4; lastKnownFileType = sourcecode.swift; path = AppSettings.swift; sourceTree = "<group>"; };
		52AF932525D288ED005330D2 /* PropertyWrapperUserDefaults.swift */ = {isa = PBXFileReference; fileEncoding = 4; lastKnownFileType = sourcecode.swift; path = PropertyWrapperUserDefaults.swift; sourceTree = "<group>"; };
		52AF932625D288ED005330D2 /* PropertyWrapperExampleDetailView.swift */ = {isa = PBXFileReference; fileEncoding = 4; lastKnownFileType = sourcecode.swift; path = PropertyWrapperExampleDetailView.swift; sourceTree = "<group>"; };
		52AF932725D288ED005330D2 /* PropertyWrapperExampleView.swift */ = {isa = PBXFileReference; fileEncoding = 4; lastKnownFileType = sourcecode.swift; path = PropertyWrapperExampleView.swift; sourceTree = "<group>"; };
		52AF932825D288ED005330D2 /* Part2ContentView.swift */ = {isa = PBXFileReference; fileEncoding = 4; lastKnownFileType = sourcecode.swift; path = Part2ContentView.swift; sourceTree = "<group>"; };
		52AF932A25D288ED005330D2 /* UserSettings.swift */ = {isa = PBXFileReference; fileEncoding = 4; lastKnownFileType = sourcecode.swift; path = UserSettings.swift; sourceTree = "<group>"; };
		52AF932D25D288ED005330D2 /* CarListViewModel.swift */ = {isa = PBXFileReference; fileEncoding = 4; lastKnownFileType = sourcecode.swift; path = CarListViewModel.swift; sourceTree = "<group>"; };
		52AF932F25D288ED005330D2 /* Car.swift */ = {isa = PBXFileReference; fileEncoding = 4; lastKnownFileType = sourcecode.swift; path = Car.swift; sourceTree = "<group>"; };
		52AF933125D288ED005330D2 /* DetailView.swift */ = {isa = PBXFileReference; fileEncoding = 4; lastKnownFileType = sourcecode.swift; path = DetailView.swift; sourceTree = "<group>"; };
		52AF933225D288ED005330D2 /* MVVMContentView.swift */ = {isa = PBXFileReference; fileEncoding = 4; lastKnownFileType = sourcecode.swift; path = MVVMContentView.swift; sourceTree = "<group>"; };
		52AF933325D288ED005330D2 /* LoginView.swift */ = {isa = PBXFileReference; fileEncoding = 4; lastKnownFileType = sourcecode.swift; path = LoginView.swift; sourceTree = "<group>"; };
		52AF933425D288ED005330D2 /* SettingView.swift */ = {isa = PBXFileReference; fileEncoding = 4; lastKnownFileType = sourcecode.swift; path = SettingView.swift; sourceTree = "<group>"; };
		75215E8A25D3B28000A1277D /* Part 3. ContentView.swift */ = {isa = PBXFileReference; lastKnownFileType = sourcecode.swift; path = "Part 3. ContentView.swift"; sourceTree = "<group>"; };
		75215E9625D3BB0100A1277D /* 3.1.1 StateObjectNonPublishedView.swift */ = {isa = PBXFileReference; lastKnownFileType = sourcecode.swift; path = "3.1.1 StateObjectNonPublishedView.swift"; sourceTree = "<group>"; };
		75215E9925D3BB0B00A1277D /* 3.1.2 StateObjectPublishedView.swift */ = {isa = PBXFileReference; lastKnownFileType = sourcecode.swift; path = "3.1.2 StateObjectPublishedView.swift"; sourceTree = "<group>"; };
		75215EA225D3BBBD00A1277D /* 3.3.1 StateObjectAndParametersView.swift */ = {isa = PBXFileReference; lastKnownFileType = sourcecode.swift; path = "3.3.1 StateObjectAndParametersView.swift"; sourceTree = "<group>"; };
		75215EBB25D3BF4900A1277D /* 3.1.4 UnusedObservableObjectView.swift */ = {isa = PBXFileReference; lastKnownFileType = sourcecode.swift; path = "3.1.4 UnusedObservableObjectView.swift"; sourceTree = "<group>"; };
		75215EC325D3BFC900A1277D /* 3.3.3 CachedObservedObjectAndParametersView.swift.swift */ = {isa = PBXFileReference; lastKnownFileType = sourcecode.swift; path = "3.3.3 CachedObservedObjectAndParametersView.swift.swift"; sourceTree = "<group>"; };
		75215ED025D3C69D00A1277D /* 3.2.2 NavigationLink.DeepNavigation.swift */ = {isa = PBXFileReference; lastKnownFileType = sourcecode.swift; path = "3.2.2 NavigationLink.DeepNavigation.swift"; sourceTree = "<group>"; };
		75215ED425D3C6CB00A1277D /* 3.2.1 NavigationLinkView.swift */ = {isa = PBXFileReference; lastKnownFileType = sourcecode.swift; path = "3.2.1 NavigationLinkView.swift"; sourceTree = "<group>"; };
		75215ED725D3C6F000A1277D /* 3.3.2 ObservedObjectAndParametersView.swift */ = {isa = PBXFileReference; lastKnownFileType = sourcecode.swift; path = "3.3.2 ObservedObjectAndParametersView.swift"; sourceTree = "<group>"; };
		75215EE525D3CD0E00A1277D /* 3.1.3 ObservedObjectPublishedView.swift */ = {isa = PBXFileReference; lastKnownFileType = sourcecode.swift; path = "3.1.3 ObservedObjectPublishedView.swift"; sourceTree = "<group>"; };
		75215EFE25D3CF9600A1277D /* RouterNavigationView.swift */ = {isa = PBXFileReference; fileEncoding = 4; lastKnownFileType = sourcecode.swift; path = RouterNavigationView.swift; sourceTree = "<group>"; };
		75215F0125D3CFB200A1277D /* LazyView.swift */ = {isa = PBXFileReference; fileEncoding = 4; lastKnownFileType = sourcecode.swift; path = LazyView.swift; sourceTree = "<group>"; };
		75215F0225D3CFB200A1277D /* LazyNavigationLink.swift */ = {isa = PBXFileReference; fileEncoding = 4; lastKnownFileType = sourcecode.swift; path = LazyNavigationLink.swift; sourceTree = "<group>"; };
		75215F1625D3D35100A1277D /* 3.2.1.1 NavigationLinkDefaultView.swift */ = {isa = PBXFileReference; lastKnownFileType = sourcecode.swift; path = "3.2.1.1 NavigationLinkDefaultView.swift"; sourceTree = "<group>"; };
		75215F1A25D3D37300A1277D /* 3.2.1.2 NavigationLinkLazyView.swift */ = {isa = PBXFileReference; lastKnownFileType = sourcecode.swift; path = "3.2.1.2 NavigationLinkLazyView.swift"; sourceTree = "<group>"; };
		75215F1D25D3D37F00A1277D /* 3.2.1.3 NavigationLinkLazyNavigationView.swift */ = {isa = PBXFileReference; lastKnownFileType = sourcecode.swift; path = "3.2.1.3 NavigationLinkLazyNavigationView.swift"; sourceTree = "<group>"; };
		75215F2425D3DA7600A1277D /* 3.2.2.1 DeepNavigatioSingleRouterView.swift */ = {isa = PBXFileReference; lastKnownFileType = sourcecode.swift; path = "3.2.2.1 DeepNavigatioSingleRouterView.swift"; sourceTree = "<group>"; };
		75215F2825D3DAF500A1277D /* 3.2.2.2 DeepNavigationNestedView.swift */ = {isa = PBXFileReference; lastKnownFileType = sourcecode.swift; path = "3.2.2.2 DeepNavigationNestedView.swift"; sourceTree = "<group>"; };
		75215F2E25D3DB7700A1277D /* 3.2.2.3 DeepNavigationCustomRouterView.swift */ = {isa = PBXFileReference; lastKnownFileType = sourcecode.swift; path = "3.2.2.3 DeepNavigationCustomRouterView.swift"; sourceTree = "<group>"; };
		75215F4125D3DD5500A1277D /* DeepNavigationChildView.swift */ = {isa = PBXFileReference; lastKnownFileType = sourcecode.swift; path = DeepNavigationChildView.swift; sourceTree = "<group>"; };
		75215F4825D3E22300A1277D /* ViewModelProvider.swift */ = {isa = PBXFileReference; fileEncoding = 4; lastKnownFileType = sourcecode.swift; path = ViewModelProvider.swift; sourceTree = "<group>"; };
		75215F4C25D3E7EA00A1277D /* 3.3.2 NonCachedDetailsView.swift */ = {isa = PBXFileReference; lastKnownFileType = sourcecode.swift; path = "3.3.2 NonCachedDetailsView.swift"; sourceTree = "<group>"; };
		75215F4F25D3E7F000A1277D /* 3.3.3 CachedDetailsView.swift */ = {isa = PBXFileReference; lastKnownFileType = sourcecode.swift; path = "3.3.3 CachedDetailsView.swift"; sourceTree = "<group>"; };
/* End PBXFileReference section */

/* Begin PBXFrameworksBuildPhase section */
		153AE2D125C8105E00250763 /* Frameworks */ = {
			isa = PBXFrameworksBuildPhase;
			buildActionMask = 2147483647;
			files = (
			);
			runOnlyForDeploymentPostprocessing = 0;
		};
/* End PBXFrameworksBuildPhase section */

/* Begin PBXGroup section */
		153AE2CB25C8105E00250763 = {
			isa = PBXGroup;
			children = (
				153AE2D625C8105E00250763 /* Example */,
				153AE2D525C8105E00250763 /* Products */,
			);
			sourceTree = "<group>";
		};
		153AE2D525C8105E00250763 /* Products */ = {
			isa = PBXGroup;
			children = (
				153AE2D425C8105E00250763 /* Example.app */,
			);
			name = Products;
			sourceTree = "<group>";
		};
		153AE2D625C8105E00250763 /* Example */ = {
			isa = PBXGroup;
			children = (
				52AF931225D288ED005330D2 /* Common */,
				52AF930D25D288ED005330D2 /* Part1-Animation */,
				52AF931425D288ED005330D2 /* Part2-PropertyWrappers */,
				75215E8825D3B24800A1277D /* Part3-Performance */,
				153AE2D725C8105E00250763 /* ExampleApp.swift */,
				153AE2D925C8105E00250763 /* ContentView.swift */,
				153AE2DB25C8106200250763 /* Assets.xcassets */,
				153AE2E025C8106200250763 /* Info.plist */,
				153AE2DD25C8106200250763 /* Preview Content */,
			);
			path = Example;
			sourceTree = "<group>";
		};
		153AE2DD25C8106200250763 /* Preview Content */ = {
			isa = PBXGroup;
			children = (
				153AE2DE25C8106200250763 /* Preview Assets.xcassets */,
			);
			path = "Preview Content";
			sourceTree = "<group>";
		};
		52AF930D25D288ED005330D2 /* Part1-Animation */ = {
			isa = PBXGroup;
			children = (
				52AF930E25D288ED005330D2 /* basic-animation.swift */,
				52AF930F25D288ED005330D2 /* Transformation.swift */,
				52AF931025D288ED005330D2 /* AnimatableModifier.swift */,
				52AF931125D288ED005330D2 /* Animatable.swift */,
			);
			path = "Part1-Animation";
			sourceTree = "<group>";
		};
		52AF931225D288ED005330D2 /* Common */ = {
			isa = PBXGroup;
			children = (
				52AF931325D288ED005330D2 /* PCircle.swift */,
			);
			path = Common;
			sourceTree = "<group>";
		};
		52AF931425D288ED005330D2 /* Part2-PropertyWrappers */ = {
			isa = PBXGroup;
			children = (
				52AF931525D288ED005330D2 /* PropertyWrappersSwiftUI */,
				52AF931E25D288ED005330D2 /* PropertyWrappers */,
				52AF932825D288ED005330D2 /* Part2ContentView.swift */,
				52AF932925D288ED005330D2 /* UserSettings */,
				52AF932B25D288ED005330D2 /* MVVM */,
			);
			path = "Part2-PropertyWrappers";
			sourceTree = "<group>";
		};
		52AF931525D288ED005330D2 /* PropertyWrappersSwiftUI */ = {
			isa = PBXGroup;
			children = (
				52AF931625D288ED005330D2 /* State */,
				52AF931825D288ED005330D2 /* Binding */,
				52AF931A25D288ED005330D2 /* EnvironmentObject */,
				52AF931C25D288ED005330D2 /* Published & ObservedObject */,
			);
			path = PropertyWrappersSwiftUI;
			sourceTree = "<group>";
		};
		52AF931625D288ED005330D2 /* State */ = {
			isa = PBXGroup;
			children = (
				52AF931725D288ED005330D2 /* StateView.swift */,
			);
			path = State;
			sourceTree = "<group>";
		};
		52AF931825D288ED005330D2 /* Binding */ = {
			isa = PBXGroup;
			children = (
				52AF931925D288ED005330D2 /* BindingView.swift */,
			);
			path = Binding;
			sourceTree = "<group>";
		};
		52AF931A25D288ED005330D2 /* EnvironmentObject */ = {
			isa = PBXGroup;
			children = (
				52AF931B25D288ED005330D2 /* EnvironmentObjectView.swift */,
			);
			path = EnvironmentObject;
			sourceTree = "<group>";
		};
		52AF931C25D288ED005330D2 /* Published & ObservedObject */ = {
			isa = PBXGroup;
			children = (
				52AF931D25D288ED005330D2 /* ObservedObjectView.swift */,
			);
			path = "Published & ObservedObject";
			sourceTree = "<group>";
		};
		52AF931E25D288ED005330D2 /* PropertyWrappers */ = {
			isa = PBXGroup;
			children = (
				52AF931F25D288ED005330D2 /* Example2 */,
				52AF932325D288ED005330D2 /* Example1 */,
			);
			path = PropertyWrappers;
			sourceTree = "<group>";
		};
		52AF931F25D288ED005330D2 /* Example2 */ = {
			isa = PBXGroup;
			children = (
				52AF932025D288ED005330D2 /* OTPView.swift */,
				52AF932125D288ED005330D2 /* PropertyWrapperPhoneNumber.swift */,
				52AF932225D288ED005330D2 /* PhoneValidator.swift */,
			);
			path = Example2;
			sourceTree = "<group>";
		};
		52AF932325D288ED005330D2 /* Example1 */ = {
			isa = PBXGroup;
			children = (
				52AF932425D288ED005330D2 /* AppSettings.swift */,
				52AF932525D288ED005330D2 /* PropertyWrapperUserDefaults.swift */,
				52AF932625D288ED005330D2 /* PropertyWrapperExampleDetailView.swift */,
				52AF932725D288ED005330D2 /* PropertyWrapperExampleView.swift */,
			);
			path = Example1;
			sourceTree = "<group>";
		};
		52AF932925D288ED005330D2 /* UserSettings */ = {
			isa = PBXGroup;
			children = (
				52AF932A25D288ED005330D2 /* UserSettings.swift */,
			);
			path = UserSettings;
			sourceTree = "<group>";
		};
		52AF932B25D288ED005330D2 /* MVVM */ = {
			isa = PBXGroup;
			children = (
				52AF932C25D288ED005330D2 /* ViewModels */,
				52AF932E25D288ED005330D2 /* Models */,
				52AF933025D288ED005330D2 /* Views */,
			);
			path = MVVM;
			sourceTree = "<group>";
		};
		52AF932C25D288ED005330D2 /* ViewModels */ = {
			isa = PBXGroup;
			children = (
				52AF932D25D288ED005330D2 /* CarListViewModel.swift */,
			);
			path = ViewModels;
			sourceTree = "<group>";
		};
		52AF932E25D288ED005330D2 /* Models */ = {
			isa = PBXGroup;
			children = (
				52AF932F25D288ED005330D2 /* Car.swift */,
			);
			path = Models;
			sourceTree = "<group>";
		};
		52AF933025D288ED005330D2 /* Views */ = {
			isa = PBXGroup;
			children = (
				52AF933125D288ED005330D2 /* DetailView.swift */,
				52AF933225D288ED005330D2 /* MVVMContentView.swift */,
				52AF933325D288ED005330D2 /* LoginView.swift */,
				52AF933425D288ED005330D2 /* SettingView.swift */,
			);
			path = Views;
			sourceTree = "<group>";
		};
		75215E8825D3B24800A1277D /* Part3-Performance */ = {
			isa = PBXGroup;
			children = (
				75215E8A25D3B28000A1277D /* Part 3. ContentView.swift */,
				75215E8E25D3B44E00A1277D /* ObservableObjectSection */,
			);
			path = "Part3-Performance";
			sourceTree = "<group>";
		};
		75215E8E25D3B44E00A1277D /* ObservableObjectSection */ = {
			isa = PBXGroup;
			children = (
				75215E9C25D3BB6300A1277D /* 1. ObjectWillChange */,
				75215EB625D3BEB300A1277D /* 2. NavigationLink */,
				75215E9E25D3BB8F00A1277D /* 3. ObservableObjectAndParameters */,
			);
			path = ObservableObjectSection;
			sourceTree = "<group>";
		};
		75215E9C25D3BB6300A1277D /* 1. ObjectWillChange */ = {
			isa = PBXGroup;
			children = (
				75215E9625D3BB0100A1277D /* 3.1.1 StateObjectNonPublishedView.swift */,
				75215E9925D3BB0B00A1277D /* 3.1.2 StateObjectPublishedView.swift */,
				75215EE525D3CD0E00A1277D /* 3.1.3 ObservedObjectPublishedView.swift */,
				75215EBB25D3BF4900A1277D /* 3.1.4 UnusedObservableObjectView.swift */,
			);
			path = "1. ObjectWillChange";
			sourceTree = "<group>";
		};
		75215E9E25D3BB8F00A1277D /* 3. ObservableObjectAndParameters */ = {
			isa = PBXGroup;
			children = (
				75215F5725D3EBB500A1277D /* 1. StateObject */,
				75215F5825D3EBBE00A1277D /* 2. ObservedObject */,
				75215F5A25D3EBCD00A1277D /* 3. Cahced ObservedObject */,
			);
			path = "3. ObservableObjectAndParameters";
			sourceTree = "<group>";
		};
		75215EB625D3BEB300A1277D /* 2. NavigationLink */ = {
			isa = PBXGroup;
			children = (
				75215F3D25D3DD1100A1277D /* LazyView */,
				75215F3E25D3DD2000A1277D /* DeepNavigation */,
			);
			path = "2. NavigationLink";
			sourceTree = "<group>";
		};
		75215F3D25D3DD1100A1277D /* LazyView */ = {
			isa = PBXGroup;
			children = (
				75215F0225D3CFB200A1277D /* LazyNavigationLink.swift */,
				75215F0125D3CFB200A1277D /* LazyView.swift */,
				75215ED425D3C6CB00A1277D /* 3.2.1 NavigationLinkView.swift */,
				75215F1625D3D35100A1277D /* 3.2.1.1 NavigationLinkDefaultView.swift */,
				75215F1A25D3D37300A1277D /* 3.2.1.2 NavigationLinkLazyView.swift */,
				75215F1D25D3D37F00A1277D /* 3.2.1.3 NavigationLinkLazyNavigationView.swift */,
			);
			path = LazyView;
			sourceTree = "<group>";
		};
		75215F3E25D3DD2000A1277D /* DeepNavigation */ = {
			isa = PBXGroup;
			children = (
				75215EFE25D3CF9600A1277D /* RouterNavigationView.swift */,
				75215F4125D3DD5500A1277D /* DeepNavigationChildView.swift */,
				75215ED025D3C69D00A1277D /* 3.2.2 NavigationLink.DeepNavigation.swift */,
				75215F2425D3DA7600A1277D /* 3.2.2.1 DeepNavigatioSingleRouterView.swift */,
				75215F2825D3DAF500A1277D /* 3.2.2.2 DeepNavigationNestedView.swift */,
				75215F2E25D3DB7700A1277D /* 3.2.2.3 DeepNavigationCustomRouterView.swift */,
			);
			path = DeepNavigation;
			sourceTree = "<group>";
		};
		75215F5725D3EBB500A1277D /* 1. StateObject */ = {
			isa = PBXGroup;
			children = (
				75215EA225D3BBBD00A1277D /* 3.3.1 StateObjectAndParametersView.swift */,
			);
			path = "1. StateObject";
			sourceTree = "<group>";
		};
		75215F5825D3EBBE00A1277D /* 2. ObservedObject */ = {
			isa = PBXGroup;
			children = (
				75215ED725D3C6F000A1277D /* 3.3.2 ObservedObjectAndParametersView.swift */,
				75215F4C25D3E7EA00A1277D /* 3.3.2 NonCachedDetailsView.swift */,
			);
			path = "2. ObservedObject";
			sourceTree = "<group>";
		};
		75215F5A25D3EBCD00A1277D /* 3. Cahced ObservedObject */ = {
			isa = PBXGroup;
			children = (
				75215F4825D3E22300A1277D /* ViewModelProvider.swift */,
				75215EC325D3BFC900A1277D /* 3.3.3 CachedObservedObjectAndParametersView.swift.swift */,
				75215F4F25D3E7F000A1277D /* 3.3.3 CachedDetailsView.swift */,
			);
			path = "3. Cahced ObservedObject";
			sourceTree = "<group>";
		};
/* End PBXGroup section */

/* Begin PBXNativeTarget section */
		153AE2D325C8105E00250763 /* Example */ = {
			isa = PBXNativeTarget;
			buildConfigurationList = 153AE2E325C8106200250763 /* Build configuration list for PBXNativeTarget "Example" */;
			buildPhases = (
				153AE2D025C8105E00250763 /* Sources */,
				153AE2D125C8105E00250763 /* Frameworks */,
				153AE2D225C8105E00250763 /* Resources */,
			);
			buildRules = (
			);
			dependencies = (
			);
			name = Example;
			productName = Example;
			productReference = 153AE2D425C8105E00250763 /* Example.app */;
			productType = "com.apple.product-type.application";
		};
/* End PBXNativeTarget section */

/* Begin PBXProject section */
		153AE2CC25C8105E00250763 /* Project object */ = {
			isa = PBXProject;
			attributes = {
				LastSwiftUpdateCheck = 1240;
				LastUpgradeCheck = 1240;
				ORGANIZATIONNAME = "SevenPeaks Software";
				TargetAttributes = {
					153AE2D325C8105E00250763 = {
						CreatedOnToolsVersion = 12.4;
					};
				};
			};
			buildConfigurationList = 153AE2CF25C8105E00250763 /* Build configuration list for PBXProject "Example" */;
			compatibilityVersion = "Xcode 9.3";
			developmentRegion = en;
			hasScannedForEncodings = 0;
			knownRegions = (
				en,
				Base,
			);
			mainGroup = 153AE2CB25C8105E00250763;
			productRefGroup = 153AE2D525C8105E00250763 /* Products */;
			projectDirPath = "";
			projectRoot = "";
			targets = (
				153AE2D325C8105E00250763 /* Example */,
			);
		};
/* End PBXProject section */

/* Begin PBXResourcesBuildPhase section */
		153AE2D225C8105E00250763 /* Resources */ = {
			isa = PBXResourcesBuildPhase;
			buildActionMask = 2147483647;
			files = (
				153AE2DF25C8106200250763 /* Preview Assets.xcassets in Resources */,
				153AE2DC25C8106200250763 /* Assets.xcassets in Resources */,
			);
			runOnlyForDeploymentPostprocessing = 0;
		};
/* End PBXResourcesBuildPhase section */

/* Begin PBXSourcesBuildPhase section */
		153AE2D025C8105E00250763 /* Sources */ = {
			isa = PBXSourcesBuildPhase;
			buildActionMask = 2147483647;
			files = (
				75215ED125D3C69D00A1277D /* 3.2.2 NavigationLink.DeepNavigation.swift in Sources */,
				75215F0425D3CFB200A1277D /* LazyNavigationLink.swift in Sources */,
				75215E8B25D3B28000A1277D /* Part 3. ContentView.swift in Sources */,
				75215ED525D3C6CB00A1277D /* 3.2.1 NavigationLinkView.swift in Sources */,
				75215E9A25D3BB0B00A1277D /* 3.1.2 StateObjectPublishedView.swift in Sources */,
				75215EFF25D3CF9600A1277D /* RouterNavigationView.swift in Sources */,
				52AF933525D288ED005330D2 /* basic-animation.swift in Sources */,
				75215F0325D3CFB200A1277D /* LazyView.swift in Sources */,
				75215F1E25D3D37F00A1277D /* 3.2.1.3 NavigationLinkLazyNavigationView.swift in Sources */,
				52AF934025D288ED005330D2 /* PhoneValidator.swift in Sources */,
				75215EE625D3CD0E00A1277D /* 3.1.3 ObservedObjectPublishedView.swift in Sources */,
				52AF933825D288ED005330D2 /* Animatable.swift in Sources */,
				52AF933E25D288ED005330D2 /* OTPView.swift in Sources */,
				52AF934A25D288ED005330D2 /* MVVMContentView.swift in Sources */,
				52AF934325D288ED005330D2 /* PropertyWrapperExampleDetailView.swift in Sources */,
				75215F1725D3D35100A1277D /* 3.2.1.1 NavigationLinkDefaultView.swift in Sources */,
				52AF933925D288ED005330D2 /* PCircle.swift in Sources */,
				52AF934525D288ED005330D2 /* Part2ContentView.swift in Sources */,
				75215E9725D3BB0100A1277D /* 3.1.1 StateObjectNonPublishedView.swift in Sources */,
				52AF933F25D288ED005330D2 /* PropertyWrapperPhoneNumber.swift in Sources */,
				75215F2F25D3DB7700A1277D /* 3.2.2.3 DeepNavigationCustomRouterView.swift in Sources */,
				52AF933725D288ED005330D2 /* AnimatableModifier.swift in Sources */,
				153AE2DA25C8105E00250763 /* ContentView.swift in Sources */,
				75215EC425D3BFC900A1277D /* 3.3.3 CachedObservedObjectAndParametersView.swift.swift in Sources */,
				75215EA325D3BBBD00A1277D /* 3.3.1 StateObjectAndParametersView.swift in Sources */,
				75215F4925D3E22300A1277D /* ViewModelProvider.swift in Sources */,
				75215F2925D3DAF500A1277D /* 3.2.2.2 DeepNavigationNestedView.swift in Sources */,
				52AF934125D288ED005330D2 /* AppSettings.swift in Sources */,
				75215F2525D3DA7600A1277D /* 3.2.2.1 DeepNavigatioSingleRouterView.swift in Sources */,
				52AF934425D288ED005330D2 /* PropertyWrapperExampleView.swift in Sources */,
				52AF934B25D288ED005330D2 /* LoginView.swift in Sources */,
				52AF933C25D288ED005330D2 /* EnvironmentObjectView.swift in Sources */,
				52AF934625D288ED005330D2 /* UserSettings.swift in Sources */,
				75215EBC25D3BF4900A1277D /* 3.1.4 UnusedObservableObjectView.swift in Sources */,
				75215F5025D3E7F000A1277D /* 3.3.3 CachedDetailsView.swift in Sources */,
				75215F4225D3DD5500A1277D /* DeepNavigationChildView.swift in Sources */,
				52AF934725D288ED005330D2 /* CarListViewModel.swift in Sources */,
				75215ED825D3C6F000A1277D /* 3.3.2 ObservedObjectAndParametersView.swift in Sources */,
				52AF933625D288ED005330D2 /* Transformation.swift in Sources */,
				75215F1B25D3D37300A1277D /* 3.2.1.2 NavigationLinkLazyView.swift in Sources */,
				52AF934225D288ED005330D2 /* PropertyWrapperUserDefaults.swift in Sources */,
				52AF934925D288ED005330D2 /* DetailView.swift in Sources */,
				52AF933A25D288ED005330D2 /* StateView.swift in Sources */,
				52AF934C25D288ED005330D2 /* SettingView.swift in Sources */,
				75215F4D25D3E7EA00A1277D /* 3.3.2 NonCachedDetailsView.swift in Sources */,
				52AF934825D288ED005330D2 /* Car.swift in Sources */,
				153AE2D825C8105E00250763 /* ExampleApp.swift in Sources */,
				52AF933D25D288ED005330D2 /* ObservedObjectView.swift in Sources */,
				52AF933B25D288ED005330D2 /* BindingView.swift in Sources */,
			);
			runOnlyForDeploymentPostprocessing = 0;
		};
/* End PBXSourcesBuildPhase section */

/* Begin XCBuildConfiguration section */
		153AE2E125C8106200250763 /* Debug */ = {
			isa = XCBuildConfiguration;
			buildSettings = {
				ALWAYS_SEARCH_USER_PATHS = NO;
				CLANG_ANALYZER_NONNULL = YES;
				CLANG_ANALYZER_NUMBER_OBJECT_CONVERSION = YES_AGGRESSIVE;
				CLANG_CXX_LANGUAGE_STANDARD = "gnu++14";
				CLANG_CXX_LIBRARY = "libc++";
				CLANG_ENABLE_MODULES = YES;
				CLANG_ENABLE_OBJC_ARC = YES;
				CLANG_ENABLE_OBJC_WEAK = YES;
				CLANG_WARN_BLOCK_CAPTURE_AUTORELEASING = YES;
				CLANG_WARN_BOOL_CONVERSION = YES;
				CLANG_WARN_COMMA = YES;
				CLANG_WARN_CONSTANT_CONVERSION = YES;
				CLANG_WARN_DEPRECATED_OBJC_IMPLEMENTATIONS = YES;
				CLANG_WARN_DIRECT_OBJC_ISA_USAGE = YES_ERROR;
				CLANG_WARN_DOCUMENTATION_COMMENTS = YES;
				CLANG_WARN_EMPTY_BODY = YES;
				CLANG_WARN_ENUM_CONVERSION = YES;
				CLANG_WARN_INFINITE_RECURSION = YES;
				CLANG_WARN_INT_CONVERSION = YES;
				CLANG_WARN_NON_LITERAL_NULL_CONVERSION = YES;
				CLANG_WARN_OBJC_IMPLICIT_RETAIN_SELF = YES;
				CLANG_WARN_OBJC_LITERAL_CONVERSION = YES;
				CLANG_WARN_OBJC_ROOT_CLASS = YES_ERROR;
				CLANG_WARN_QUOTED_INCLUDE_IN_FRAMEWORK_HEADER = YES;
				CLANG_WARN_RANGE_LOOP_ANALYSIS = YES;
				CLANG_WARN_STRICT_PROTOTYPES = YES;
				CLANG_WARN_SUSPICIOUS_MOVE = YES;
				CLANG_WARN_UNGUARDED_AVAILABILITY = YES_AGGRESSIVE;
				CLANG_WARN_UNREACHABLE_CODE = YES;
				CLANG_WARN__DUPLICATE_METHOD_MATCH = YES;
				COPY_PHASE_STRIP = NO;
				DEBUG_INFORMATION_FORMAT = dwarf;
				ENABLE_STRICT_OBJC_MSGSEND = YES;
				ENABLE_TESTABILITY = YES;
				GCC_C_LANGUAGE_STANDARD = gnu11;
				GCC_DYNAMIC_NO_PIC = NO;
				GCC_NO_COMMON_BLOCKS = YES;
				GCC_OPTIMIZATION_LEVEL = 0;
				GCC_PREPROCESSOR_DEFINITIONS = (
					"DEBUG=1",
					"$(inherited)",
				);
				GCC_WARN_64_TO_32_BIT_CONVERSION = YES;
				GCC_WARN_ABOUT_RETURN_TYPE = YES_ERROR;
				GCC_WARN_UNDECLARED_SELECTOR = YES;
				GCC_WARN_UNINITIALIZED_AUTOS = YES_AGGRESSIVE;
				GCC_WARN_UNUSED_FUNCTION = YES;
				GCC_WARN_UNUSED_VARIABLE = YES;
				IPHONEOS_DEPLOYMENT_TARGET = 14.4;
				MTL_ENABLE_DEBUG_INFO = INCLUDE_SOURCE;
				MTL_FAST_MATH = YES;
				ONLY_ACTIVE_ARCH = YES;
				SDKROOT = iphoneos;
				SWIFT_ACTIVE_COMPILATION_CONDITIONS = DEBUG;
				SWIFT_OPTIMIZATION_LEVEL = "-Onone";
			};
			name = Debug;
		};
		153AE2E225C8106200250763 /* Release */ = {
			isa = XCBuildConfiguration;
			buildSettings = {
				ALWAYS_SEARCH_USER_PATHS = NO;
				CLANG_ANALYZER_NONNULL = YES;
				CLANG_ANALYZER_NUMBER_OBJECT_CONVERSION = YES_AGGRESSIVE;
				CLANG_CXX_LANGUAGE_STANDARD = "gnu++14";
				CLANG_CXX_LIBRARY = "libc++";
				CLANG_ENABLE_MODULES = YES;
				CLANG_ENABLE_OBJC_ARC = YES;
				CLANG_ENABLE_OBJC_WEAK = YES;
				CLANG_WARN_BLOCK_CAPTURE_AUTORELEASING = YES;
				CLANG_WARN_BOOL_CONVERSION = YES;
				CLANG_WARN_COMMA = YES;
				CLANG_WARN_CONSTANT_CONVERSION = YES;
				CLANG_WARN_DEPRECATED_OBJC_IMPLEMENTATIONS = YES;
				CLANG_WARN_DIRECT_OBJC_ISA_USAGE = YES_ERROR;
				CLANG_WARN_DOCUMENTATION_COMMENTS = YES;
				CLANG_WARN_EMPTY_BODY = YES;
				CLANG_WARN_ENUM_CONVERSION = YES;
				CLANG_WARN_INFINITE_RECURSION = YES;
				CLANG_WARN_INT_CONVERSION = YES;
				CLANG_WARN_NON_LITERAL_NULL_CONVERSION = YES;
				CLANG_WARN_OBJC_IMPLICIT_RETAIN_SELF = YES;
				CLANG_WARN_OBJC_LITERAL_CONVERSION = YES;
				CLANG_WARN_OBJC_ROOT_CLASS = YES_ERROR;
				CLANG_WARN_QUOTED_INCLUDE_IN_FRAMEWORK_HEADER = YES;
				CLANG_WARN_RANGE_LOOP_ANALYSIS = YES;
				CLANG_WARN_STRICT_PROTOTYPES = YES;
				CLANG_WARN_SUSPICIOUS_MOVE = YES;
				CLANG_WARN_UNGUARDED_AVAILABILITY = YES_AGGRESSIVE;
				CLANG_WARN_UNREACHABLE_CODE = YES;
				CLANG_WARN__DUPLICATE_METHOD_MATCH = YES;
				COPY_PHASE_STRIP = NO;
				DEBUG_INFORMATION_FORMAT = "dwarf-with-dsym";
				ENABLE_NS_ASSERTIONS = NO;
				ENABLE_STRICT_OBJC_MSGSEND = YES;
				GCC_C_LANGUAGE_STANDARD = gnu11;
				GCC_NO_COMMON_BLOCKS = YES;
				GCC_WARN_64_TO_32_BIT_CONVERSION = YES;
				GCC_WARN_ABOUT_RETURN_TYPE = YES_ERROR;
				GCC_WARN_UNDECLARED_SELECTOR = YES;
				GCC_WARN_UNINITIALIZED_AUTOS = YES_AGGRESSIVE;
				GCC_WARN_UNUSED_FUNCTION = YES;
				GCC_WARN_UNUSED_VARIABLE = YES;
				IPHONEOS_DEPLOYMENT_TARGET = 14.4;
				MTL_ENABLE_DEBUG_INFO = NO;
				MTL_FAST_MATH = YES;
				SDKROOT = iphoneos;
				SWIFT_COMPILATION_MODE = wholemodule;
				SWIFT_OPTIMIZATION_LEVEL = "-O";
				VALIDATE_PRODUCT = YES;
			};
			name = Release;
		};
		153AE2E425C8106200250763 /* Debug */ = {
			isa = XCBuildConfiguration;
			buildSettings = {
				ASSETCATALOG_COMPILER_APPICON_NAME = AppIcon;
				ASSETCATALOG_COMPILER_GLOBAL_ACCENT_COLOR_NAME = AccentColor;
				CODE_SIGN_STYLE = Automatic;
				DEVELOPMENT_ASSET_PATHS = "\"Example/Preview Content\"";
				ENABLE_PREVIEWS = YES;
				INFOPLIST_FILE = Example/Info.plist;
				IPHONEOS_DEPLOYMENT_TARGET = 14.0;
				LD_RUNPATH_SEARCH_PATHS = (
					"$(inherited)",
					"@executable_path/Frameworks",
				);
				PRODUCT_BUNDLE_IDENTIFIER = com.sevenpeakssoftware.Example;
				PRODUCT_NAME = "$(TARGET_NAME)";
				SWIFT_VERSION = 5.0;
				TARGETED_DEVICE_FAMILY = "1,2";
			};
			name = Debug;
		};
		153AE2E525C8106200250763 /* Release */ = {
			isa = XCBuildConfiguration;
			buildSettings = {
				ASSETCATALOG_COMPILER_APPICON_NAME = AppIcon;
				ASSETCATALOG_COMPILER_GLOBAL_ACCENT_COLOR_NAME = AccentColor;
				CODE_SIGN_STYLE = Automatic;
				DEVELOPMENT_ASSET_PATHS = "\"Example/Preview Content\"";
				ENABLE_PREVIEWS = YES;
				INFOPLIST_FILE = Example/Info.plist;
				IPHONEOS_DEPLOYMENT_TARGET = 14.0;
				LD_RUNPATH_SEARCH_PATHS = (
					"$(inherited)",
					"@executable_path/Frameworks",
				);
				PRODUCT_BUNDLE_IDENTIFIER = com.sevenpeakssoftware.Example;
				PRODUCT_NAME = "$(TARGET_NAME)";
				SWIFT_VERSION = 5.0;
				TARGETED_DEVICE_FAMILY = "1,2";
			};
			name = Release;
		};
/* End XCBuildConfiguration section */

/* Begin XCConfigurationList section */
		153AE2CF25C8105E00250763 /* Build configuration list for PBXProject "Example" */ = {
			isa = XCConfigurationList;
			buildConfigurations = (
				153AE2E125C8106200250763 /* Debug */,
				153AE2E225C8106200250763 /* Release */,
			);
			defaultConfigurationIsVisible = 0;
			defaultConfigurationName = Release;
		};
		153AE2E325C8106200250763 /* Build configuration list for PBXNativeTarget "Example" */ = {
			isa = XCConfigurationList;
			buildConfigurations = (
				153AE2E425C8106200250763 /* Debug */,
				153AE2E525C8106200250763 /* Release */,
			);
			defaultConfigurationIsVisible = 0;
			defaultConfigurationName = Release;
		};
/* End XCConfigurationList section */
	};
	rootObject = 153AE2CC25C8105E00250763 /* Project object */;
}
